// !$*UTF8*$!
{
	archiveVersion = 1;
	classes = {
	};
	objectVersion = 46;
	objects = {

/* Begin PBXBuildFile section */
		C4950F4B1BCB0251000DA320 /* User.swift in Sources */ = {isa = PBXBuildFile; fileRef = C4950F4A1BCB0251000DA320 /* User.swift */; };
		C4950F4D1BCB2DC2000DA320 /* ItemDetailViewController.swift in Sources */ = {isa = PBXBuildFile; fileRef = C4950F4C1BCB2DC2000DA320 /* ItemDetailViewController.swift */; };
		C4950F4F1BCC0480000DA320 /* ProfileViewController.swift in Sources */ = {isa = PBXBuildFile; fileRef = C4950F4E1BCC0480000DA320 /* ProfileViewController.swift */; };
		C4D66CE91BC3225F00CCF584 /* AppDelegate.swift in Sources */ = {isa = PBXBuildFile; fileRef = C4D66CE81BC3225F00CCF584 /* AppDelegate.swift */; };
		C4D66CEB1BC3225F00CCF584 /* ViewController.swift in Sources */ = {isa = PBXBuildFile; fileRef = C4D66CEA1BC3225F00CCF584 /* ViewController.swift */; };
		C4D66CEE1BC3225F00CCF584 /* Main.storyboard in Resources */ = {isa = PBXBuildFile; fileRef = C4D66CEC1BC3225F00CCF584 /* Main.storyboard */; };
		C4D66CF01BC3225F00CCF584 /* Images.xcassets in Resources */ = {isa = PBXBuildFile; fileRef = C4D66CEF1BC3225F00CCF584 /* Images.xcassets */; };
		C4D66CF31BC3225F00CCF584 /* LaunchScreen.xib in Resources */ = {isa = PBXBuildFile; fileRef = C4D66CF11BC3225F00CCF584 /* LaunchScreen.xib */; };
		C4D66CFF1BC3225F00CCF584 /* ThriftAppTests.swift in Sources */ = {isa = PBXBuildFile; fileRef = C4D66CFE1BC3225F00CCF584 /* ThriftAppTests.swift */; };
		C4D66D091BC3474600CCF584 /* ItemTableViewCell.swift in Sources */ = {isa = PBXBuildFile; fileRef = C4D66D081BC3474600CCF584 /* ItemTableViewCell.swift */; };
		C4D66D0B1BC4001200CCF584 /* ItemTableViewController.swift in Sources */ = {isa = PBXBuildFile; fileRef = C4D66D0A1BC4001200CCF584 /* ItemTableViewController.swift */; };
		C4D66D0D1BC400FF00CCF584 /* item.swift in Sources */ = {isa = PBXBuildFile; fileRef = C4D66D0C1BC400FF00CCF584 /* item.swift */; };
		C4D66D0E1BC400FF00CCF584 /* item.swift in Sources */ = {isa = PBXBuildFile; fileRef = C4D66D0C1BC400FF00CCF584 /* item.swift */; };
/* End PBXBuildFile section */

/* Begin PBXContainerItemProxy section */
		C4D66CF91BC3225F00CCF584 /* PBXContainerItemProxy */ = {
			isa = PBXContainerItemProxy;
			containerPortal = C4D66CDB1BC3225F00CCF584 /* Project object */;
			proxyType = 1;
			remoteGlobalIDString = C4D66CE21BC3225F00CCF584;
			remoteInfo = ThriftApp;
		};
/* End PBXContainerItemProxy section */

/* Begin PBXFileReference section */
		C4950F4A1BCB0251000DA320 /* User.swift */ = {isa = PBXFileReference; fileEncoding = 4; lastKnownFileType = sourcecode.swift; path = User.swift; sourceTree = "<group>"; };
		C4950F4C1BCB2DC2000DA320 /* ItemDetailViewController.swift */ = {isa = PBXFileReference; fileEncoding = 4; lastKnownFileType = sourcecode.swift; path = ItemDetailViewController.swift; sourceTree = "<group>"; };
		C4950F4E1BCC0480000DA320 /* ProfileViewController.swift */ = {isa = PBXFileReference; fileEncoding = 4; lastKnownFileType = sourcecode.swift; path = ProfileViewController.swift; sourceTree = "<group>"; };
		C4D66CE31BC3225F00CCF584 /* ThriftApp.app */ = {isa = PBXFileReference; explicitFileType = wrapper.application; includeInIndex = 0; path = ThriftApp.app; sourceTree = BUILT_PRODUCTS_DIR; };
		C4D66CE71BC3225F00CCF584 /* Info.plist */ = {isa = PBXFileReference; lastKnownFileType = text.plist.xml; path = Info.plist; sourceTree = "<group>"; };
		C4D66CE81BC3225F00CCF584 /* AppDelegate.swift */ = {isa = PBXFileReference; lastKnownFileType = sourcecode.swift; path = AppDelegate.swift; sourceTree = "<group>"; };
		C4D66CEA1BC3225F00CCF584 /* ViewController.swift */ = {isa = PBXFileReference; lastKnownFileType = sourcecode.swift; path = ViewController.swift; sourceTree = "<group>"; };
		C4D66CED1BC3225F00CCF584 /* Base */ = {isa = PBXFileReference; lastKnownFileType = file.storyboard; name = Base; path = Base.lproj/Main.storyboard; sourceTree = "<group>"; };
		C4D66CEF1BC3225F00CCF584 /* Images.xcassets */ = {isa = PBXFileReference; lastKnownFileType = folder.assetcatalog; path = Images.xcassets; sourceTree = "<group>"; };
		C4D66CF21BC3225F00CCF584 /* Base */ = {isa = PBXFileReference; lastKnownFileType = file.xib; name = Base; path = Base.lproj/LaunchScreen.xib; sourceTree = "<group>"; };
		C4D66CF81BC3225F00CCF584 /* ThriftAppTests.xctest */ = {isa = PBXFileReference; explicitFileType = wrapper.cfbundle; includeInIndex = 0; path = ThriftAppTests.xctest; sourceTree = BUILT_PRODUCTS_DIR; };
		C4D66CFD1BC3225F00CCF584 /* Info.plist */ = {isa = PBXFileReference; lastKnownFileType = text.plist.xml; path = Info.plist; sourceTree = "<group>"; };
		C4D66CFE1BC3225F00CCF584 /* ThriftAppTests.swift */ = {isa = PBXFileReference; lastKnownFileType = sourcecode.swift; path = ThriftAppTests.swift; sourceTree = "<group>"; };
		C4D66D081BC3474600CCF584 /* ItemTableViewCell.swift */ = {isa = PBXFileReference; fileEncoding = 4; lastKnownFileType = sourcecode.swift; path = ItemTableViewCell.swift; sourceTree = "<group>"; };
		C4D66D0A1BC4001200CCF584 /* ItemTableViewController.swift */ = {isa = PBXFileReference; fileEncoding = 4; lastKnownFileType = sourcecode.swift; path = ItemTableViewController.swift; sourceTree = "<group>"; };
		C4D66D0C1BC400FF00CCF584 /* item.swift */ = {isa = PBXFileReference; fileEncoding = 4; lastKnownFileType = sourcecode.swift; path = item.swift; sourceTree = "<group>"; };
/* End PBXFileReference section */

/* Begin PBXFrameworksBuildPhase section */
		C4D66CE01BC3225F00CCF584 /* Frameworks */ = {
			isa = PBXFrameworksBuildPhase;
			buildActionMask = 2147483647;
			files = (
			);
			runOnlyForDeploymentPostprocessing = 0;
		};
		C4D66CF51BC3225F00CCF584 /* Frameworks */ = {
			isa = PBXFrameworksBuildPhase;
			buildActionMask = 2147483647;
			files = (
			);
			runOnlyForDeploymentPostprocessing = 0;
		};
/* End PBXFrameworksBuildPhase section */

/* Begin PBXGroup section */
		C4D66CDA1BC3225F00CCF584 = {
			isa = PBXGroup;
			children = (
				C4D66CE51BC3225F00CCF584 /* ThriftApp */,
				C4D66CFB1BC3225F00CCF584 /* ThriftAppTests */,
				C4D66CE41BC3225F00CCF584 /* Products */,
			);
			sourceTree = "<group>";
		};
		C4D66CE41BC3225F00CCF584 /* Products */ = {
			isa = PBXGroup;
			children = (
				C4D66CE31BC3225F00CCF584 /* ThriftApp.app */,
				C4D66CF81BC3225F00CCF584 /* ThriftAppTests.xctest */,
			);
			name = Products;
			sourceTree = "<group>";
		};
		C4D66CE51BC3225F00CCF584 /* ThriftApp */ = {
			isa = PBXGroup;
			children = (
				C4D66CE81BC3225F00CCF584 /* AppDelegate.swift */,
				C4D66CEA1BC3225F00CCF584 /* ViewController.swift */,
				C4D66CEC1BC3225F00CCF584 /* Main.storyboard */,
				C4D66CEF1BC3225F00CCF584 /* Images.xcassets */,
				C4D66CF11BC3225F00CCF584 /* LaunchScreen.xib */,
				C4D66CE61BC3225F00CCF584 /* Supporting Files */,
				C4D66D081BC3474600CCF584 /* ItemTableViewCell.swift */,
				C4D66D0A1BC4001200CCF584 /* ItemTableViewController.swift */,
				C4D66D0C1BC400FF00CCF584 /* item.swift */,
				C4950F4A1BCB0251000DA320 /* User.swift */,
				C4950F4C1BCB2DC2000DA320 /* ItemDetailViewController.swift */,
				C4950F4E1BCC0480000DA320 /* ProfileViewController.swift */,
			);
			path = ThriftApp;
			sourceTree = "<group>";
		};
		C4D66CE61BC3225F00CCF584 /* Supporting Files */ = {
			isa = PBXGroup;
			children = (
				C4D66CE71BC3225F00CCF584 /* Info.plist */,
			);
			name = "Supporting Files";
			sourceTree = "<group>";
		};
		C4D66CFB1BC3225F00CCF584 /* ThriftAppTests */ = {
			isa = PBXGroup;
			children = (
				C4D66CFE1BC3225F00CCF584 /* ThriftAppTests.swift */,
				C4D66CFC1BC3225F00CCF584 /* Supporting Files */,
			);
			path = ThriftAppTests;
			sourceTree = "<group>";
		};
		C4D66CFC1BC3225F00CCF584 /* Supporting Files */ = {
			isa = PBXGroup;
			children = (
				C4D66CFD1BC3225F00CCF584 /* Info.plist */,
			);
			name = "Supporting Files";
			sourceTree = "<group>";
		};
/* End PBXGroup section */

/* Begin PBXNativeTarget section */
		C4D66CE21BC3225F00CCF584 /* ThriftApp */ = {
			isa = PBXNativeTarget;
			buildConfigurationList = C4D66D021BC3225F00CCF584 /* Build configuration list for PBXNativeTarget "ThriftApp" */;
			buildPhases = (
				C4D66CDF1BC3225F00CCF584 /* Sources */,
				C4D66CE01BC3225F00CCF584 /* Frameworks */,
				C4D66CE11BC3225F00CCF584 /* Resources */,
			);
			buildRules = (
			);
			dependencies = (
			);
			name = ThriftApp;
			productName = ThriftApp;
			productReference = C4D66CE31BC3225F00CCF584 /* ThriftApp.app */;
			productType = "com.apple.product-type.application";
		};
		C4D66CF71BC3225F00CCF584 /* ThriftAppTests */ = {
			isa = PBXNativeTarget;
			buildConfigurationList = C4D66D051BC3225F00CCF584 /* Build configuration list for PBXNativeTarget "ThriftAppTests" */;
			buildPhases = (
				C4D66CF41BC3225F00CCF584 /* Sources */,
				C4D66CF51BC3225F00CCF584 /* Frameworks */,
				C4D66CF61BC3225F00CCF584 /* Resources */,
			);
			buildRules = (
			);
			dependencies = (
				C4D66CFA1BC3225F00CCF584 /* PBXTargetDependency */,
			);
			name = ThriftAppTests;
			productName = ThriftAppTests;
			productReference = C4D66CF81BC3225F00CCF584 /* ThriftAppTests.xctest */;
			productType = "com.apple.product-type.bundle.unit-test";
		};
/* End PBXNativeTarget section */

/* Begin PBXProject section */
		C4D66CDB1BC3225F00CCF584 /* Project object */ = {
			isa = PBXProject;
			attributes = {
				LastUpgradeCheck = 0640;
				ORGANIZATIONNAME = "CMU IS";
				TargetAttributes = {
					C4D66CE21BC3225F00CCF584 = {
						CreatedOnToolsVersion = 6.4;
					};
					C4D66CF71BC3225F00CCF584 = {
						CreatedOnToolsVersion = 6.4;
						TestTargetID = C4D66CE21BC3225F00CCF584;
					};
				};
			};
			buildConfigurationList = C4D66CDE1BC3225F00CCF584 /* Build configuration list for PBXProject "ThriftApp" */;
			compatibilityVersion = "Xcode 3.2";
			developmentRegion = English;
			hasScannedForEncodings = 0;
			knownRegions = (
				en,
				Base,
			);
			mainGroup = C4D66CDA1BC3225F00CCF584;
			productRefGroup = C4D66CE41BC3225F00CCF584 /* Products */;
			projectDirPath = "";
			projectRoot = "";
			targets = (
				C4D66CE21BC3225F00CCF584 /* ThriftApp */,
				C4D66CF71BC3225F00CCF584 /* ThriftAppTests */,
			);
		};
/* End PBXProject section */

/* Begin PBXResourcesBuildPhase section */
		C4D66CE11BC3225F00CCF584 /* Resources */ = {
			isa = PBXResourcesBuildPhase;
			buildActionMask = 2147483647;
			files = (
				C4D66CEE1BC3225F00CCF584 /* Main.storyboard in Resources */,
				C4D66CF31BC3225F00CCF584 /* LaunchScreen.xib in Resources */,
				C4D66CF01BC3225F00CCF584 /* Images.xcassets in Resources */,
			);
			runOnlyForDeploymentPostprocessing = 0;
		};
		C4D66CF61BC3225F00CCF584 /* Resources */ = {
			isa = PBXResourcesBuildPhase;
			buildActionMask = 2147483647;
			files = (
			);
			runOnlyForDeploymentPostprocessing = 0;
		};
/* End PBXResourcesBuildPhase section */

/* Begin PBXSourcesBuildPhase section */
		C4D66CDF1BC3225F00CCF584 /* Sources */ = {
			isa = PBXSourcesBuildPhase;
			buildActionMask = 2147483647;
			files = (
				C4D66CEB1BC3225F00CCF584 /* ViewController.swift in Sources */,
				C4950F4D1BCB2DC2000DA320 /* ItemDetailViewController.swift in Sources */,
				C4D66D091BC3474600CCF584 /* ItemTableViewCell.swift in Sources */,
				C4950F4B1BCB0251000DA320 /* User.swift in Sources */,
				C4D66D0D1BC400FF00CCF584 /* item.swift in Sources */,
				C4D66D0B1BC4001200CCF584 /* ItemTableViewController.swift in Sources */,
				C4950F4F1BCC0480000DA320 /* ProfileViewController.swift in Sources */,
				C4D66CE91BC3225F00CCF584 /* AppDelegate.swift in Sources */,
			);
			runOnlyForDeploymentPostprocessing = 0;
		};
		C4D66CF41BC3225F00CCF584 /* Sources */ = {
			isa = PBXSourcesBuildPhase;
			buildActionMask = 2147483647;
			files = (
				C4D66D0E1BC400FF00CCF584 /* item.swift in Sources */,
				C4D66CFF1BC3225F00CCF584 /* ThriftAppTests.swift in Sources */,
			);
			runOnlyForDeploymentPostprocessing = 0;
		};
/* End PBXSourcesBuildPhase section */

/* Begin PBXTargetDependency section */
		C4D66CFA1BC3225F00CCF584 /* PBXTargetDependency */ = {
			isa = PBXTargetDependency;
			target = C4D66CE21BC3225F00CCF584 /* ThriftApp */;
			targetProxy = C4D66CF91BC3225F00CCF584 /* PBXContainerItemProxy */;
		};
/* End PBXTargetDependency section */

/* Begin PBXVariantGroup section */
		C4D66CEC1BC3225F00CCF584 /* Main.storyboard */ = {
			isa = PBXVariantGroup;
			children = (
				C4D66CED1BC3225F00CCF584 /* Base */,
			);
			name = Main.storyboard;
			sourceTree = "<group>";
		};
		C4D66CF11BC3225F00CCF584 /* LaunchScreen.xib */ = {
			isa = PBXVariantGroup;
			children = (
				C4D66CF21BC3225F00CCF584 /* Base */,
			);
			name = LaunchScreen.xib;
			sourceTree = "<group>";
		};
/* End PBXVariantGroup section */

/* Begin XCBuildConfiguration section */
		C4D66D001BC3225F00CCF584 /* Debug */ = {
			isa = XCBuildConfiguration;
			buildSettings = {
				ALWAYS_SEARCH_USER_PATHS = NO;
				CLANG_CXX_LANGUAGE_STANDARD = "gnu++0x";
				CLANG_CXX_LIBRARY = "libc++";
				CLANG_ENABLE_MODULES = YES;
				CLANG_ENABLE_OBJC_ARC = YES;
				CLANG_WARN_BOOL_CONVERSION = YES;
				CLANG_WARN_CONSTANT_CONVERSION = YES;
				CLANG_WARN_DIRECT_OBJC_ISA_USAGE = YES_ERROR;
				CLANG_WARN_EMPTY_BODY = YES;
				CLANG_WARN_ENUM_CONVERSION = YES;
				CLANG_WARN_INT_CONVERSION = YES;
				CLANG_WARN_OBJC_ROOT_CLASS = YES_ERROR;
				CLANG_WARN_UNREACHABLE_CODE = YES;
				CLANG_WARN__DUPLICATE_METHOD_MATCH = YES;
				"CODE_SIGN_IDENTITY[sdk=iphoneos*]" = "iPhone Developer";
				COPY_PHASE_STRIP = NO;
				DEBUG_INFORMATION_FORMAT = "dwarf-with-dsym";
				ENABLE_STRICT_OBJC_MSGSEND = YES;
				GCC_C_LANGUAGE_STANDARD = gnu99;
				GCC_DYNAMIC_NO_PIC = NO;
				GCC_NO_COMMON_BLOCKS = YES;
				GCC_OPTIMIZATION_LEVEL = 0;
				GCC_PREPROCESSOR_DEFINITIONS = (
					"DEBUG=1",
					"$(inherited)",
				);
				GCC_SYMBOLS_PRIVATE_EXTERN = NO;
				GCC_WARN_64_TO_32_BIT_CONVERSION = YES;
				GCC_WARN_ABOUT_RETURN_TYPE = YES_ERROR;
				GCC_WARN_UNDECLARED_SELECTOR = YES;
				GCC_WARN_UNINITIALIZED_AUTOS = YES_AGGRESSIVE;
				GCC_WARN_UNUSED_FUNCTION = YES;
				GCC_WARN_UNUSED_VARIABLE = YES;
				IPHONEOS_DEPLOYMENT_TARGET = 8.4;
				MTL_ENABLE_DEBUG_INFO = YES;
				ONLY_ACTIVE_ARCH = YES;
				SDKROOT = iphoneos;
				SWIFT_OPTIMIZATION_LEVEL = "-Onone";
				TARGETED_DEVICE_FAMILY = "1,2";
			};
			name = Debug;
		};
		C4D66D011BC3225F00CCF584 /* Release */ = {
			isa = XCBuildConfiguration;
			buildSettings = {
				ALWAYS_SEARCH_USER_PATHS = NO;
				CLANG_CXX_LANGUAGE_STANDARD = "gnu++0x";
				CLANG_CXX_LIBRARY = "libc++";
				CLANG_ENABLE_MODULES = YES;
				CLANG_ENABLE_OBJC_ARC = YES;
				CLANG_WARN_BOOL_CONVERSION = YES;
				CLANG_WARN_CONSTANT_CONVERSION = YES;
				CLANG_WARN_DIRECT_OBJC_ISA_USAGE = YES_ERROR;
				CLANG_WARN_EMPTY_BODY = YES;
				CLANG_WARN_ENUM_CONVERSION = YES;
				CLANG_WARN_INT_CONVERSION = YES;
				CLANG_WARN_OBJC_ROOT_CLASS = YES_ERROR;
				CLANG_WARN_UNREACHABLE_CODE = YES;
				CLANG_WARN__DUPLICATE_METHOD_MATCH = YES;
				"CODE_SIGN_IDENTITY[sdk=iphoneos*]" = "iPhone Developer";
				COPY_PHASE_STRIP = NO;
				DEBUG_INFORMATION_FORMAT = "dwarf-with-dsym";
				ENABLE_NS_ASSERTIONS = NO;
				ENABLE_STRICT_OBJC_MSGSEND = YES;
				GCC_C_LANGUAGE_STANDARD = gnu99;
				GCC_NO_COMMON_BLOCKS = YES;
				GCC_WARN_64_TO_32_BIT_CONVERSION = YES;
				GCC_WARN_ABOUT_RETURN_TYPE = YES_ERROR;
				GCC_WARN_UNDECLARED_SELECTOR = YES;
				GCC_WARN_UNINITIALIZED_AUTOS = YES_AGGRESSIVE;
				GCC_WARN_UNUSED_FUNCTION = YES;
				GCC_WARN_UNUSED_VARIABLE = YES;
				IPHONEOS_DEPLOYMENT_TARGET = 8.4;
				MTL_ENABLE_DEBUG_INFO = NO;
				SDKROOT = iphoneos;
				TARGETED_DEVICE_FAMILY = "1,2";
				VALIDATE_PRODUCT = YES;
			};
			name = Release;
		};
		C4D66D031BC3225F00CCF584 /* Debug */ = {
			isa = XCBuildConfiguration;
			buildSettings = {
				ASSETCATALOG_COMPILER_APPICON_NAME = AppIcon;
				INFOPLIST_FILE = ThriftApp/Info.plist;
				LD_RUNPATH_SEARCH_PATHS = "$(inherited) @executable_path/Frameworks";
				PRODUCT_NAME = "$(TARGET_NAME)";
			};
			name = Debug;
		};
		C4D66D041BC3225F00CCF584 /* Release */ = {
			isa = XCBuildConfiguration;
			buildSettings = {
				ASSETCATALOG_COMPILER_APPICON_NAME = AppIcon;
				INFOPLIST_FILE = ThriftApp/Info.plist;
				LD_RUNPATH_SEARCH_PATHS = "$(inherited) @executable_path/Frameworks";
				PRODUCT_NAME = "$(TARGET_NAME)";
			};
			name = Release;
		};
		C4D66D061BC3225F00CCF584 /* Debug */ = {
			isa = XCBuildConfiguration;
			buildSettings = {
				BUNDLE_LOADER = "$(TEST_HOST)";
				FRAMEWORK_SEARCH_PATHS = (
					"$(SDKROOT)/Developer/Library/Frameworks",
					"$(inherited)",
				);
				GCC_PREPROCESSOR_DEFINITIONS = (
					"DEBUG=1",
					"$(inherited)",
				);
				INFOPLIST_FILE = ThriftAppTests/Info.plist;
				LD_RUNPATH_SEARCH_PATHS = "$(inherited) @executable_path/Frameworks @loader_path/Frameworks";
				PRODUCT_NAME = "$(TARGET_NAME)";
				TEST_HOST = "$(BUILT_PRODUCTS_DIR)/ThriftApp.app/ThriftApp";
			};
			name = Debug;
		};
		C4D66D071BC3225F00CCF584 /* Release */ = {
			isa = XCBuildConfiguration;
			buildSettings = {
				BUNDLE_LOADER = "$(TEST_HOST)";
				FRAMEWORK_SEARCH_PATHS = (
					"$(SDKROOT)/Developer/Library/Frameworks",
					"$(inherited)",
				);
				INFOPLIST_FILE = ThriftAppTests/Info.plist;
				LD_RUNPATH_SEARCH_PATHS = "$(inherited) @executable_path/Frameworks @loader_path/Frameworks";
				PRODUCT_NAME = "$(TARGET_NAME)";
				TEST_HOST = "$(BUILT_PRODUCTS_DIR)/ThriftApp.app/ThriftApp";
			};
			name = Release;
		};
/* End XCBuildConfiguration section */

/* Begin XCConfigurationList section */
		C4D66CDE1BC3225F00CCF584 /* Build configuration list for PBXProject "ThriftApp" */ = {
			isa = XCConfigurationList;
			buildConfigurations = (
				C4D66D001BC3225F00CCF584 /* Debug */,
				C4D66D011BC3225F00CCF584 /* Release */,
			);
			defaultConfigurationIsVisible = 0;
			defaultConfigurationName = Release;
		};
		C4D66D021BC3225F00CCF584 /* Build configuration list for PBXNativeTarget "ThriftApp" */ = {
			isa = XCConfigurationList;
			buildConfigurations = (
				C4D66D031BC3225F00CCF584 /* Debug */,
				C4D66D041BC3225F00CCF584 /* Release */,
			);
			defaultConfigurationIsVisible = 0;
			defaultConfigurationName = Release;
		};
		C4D66D051BC3225F00CCF584 /* Build configuration list for PBXNativeTarget "ThriftAppTests" */ = {
			isa = XCConfigurationList;
			buildConfigurations = (
				C4D66D061BC3225F00CCF584 /* Debug */,
				C4D66D071BC3225F00CCF584 /* Release */,
			);
			defaultConfigurationIsVisible = 0;
			defaultConfigurationName = Release;
		};
/* End XCConfigurationList section */
	};
	rootObject = C4D66CDB1BC3225F00CCF584 /* Project object */;
}
